// !$*UTF8*$!
{
	archiveVersion = 1;
	classes = {
	};
	objectVersion = 46;
	objects = {

/* Begin PBXBuildFile section */
		1D3623260D0F684500981E51 /* IntelSplitDemoAppDelegate.m in Sources */ = {isa = PBXBuildFile; fileRef = 1D3623250D0F684500981E51 /* IntelSplitDemoAppDelegate.m */; };
		1D60589B0D05DD56006BFB54 /* main.m in Sources */ = {isa = PBXBuildFile; fileRef = 29B97316FDCFA39411CA2CEA /* main.m */; };
		1D60589F0D05DD5A006BFB54 /* Foundation.framework in Frameworks */ = {isa = PBXBuildFile; fileRef = 1D30AB110D05D00D00671497 /* Foundation.framework */; };
		1DF5F4E00D08C38300B7A737 /* UIKit.framework in Frameworks */ = {isa = PBXBuildFile; fileRef = 1DF5F4DF0D08C38300B7A737 /* UIKit.framework */; };
		288765080DF74369002DB57D /* CoreGraphics.framework in Frameworks */ = {isa = PBXBuildFile; fileRef = 288765070DF74369002DB57D /* CoreGraphics.framework */; };
		370A54521991586A002387DE /* DemoDetailViewController.m in Sources */ = {isa = PBXBuildFile; fileRef = 370A54511991586A002387DE /* DemoDetailViewController.m */; };
		370A545519915AB9002387DE /* DemoMasterViewController.m in Sources */ = {isa = PBXBuildFile; fileRef = 370A545419915AB9002387DE /* DemoMasterViewController.m */; };
		370A545719916F9D002387DE /* Images.xcassets in Resources */ = {isa = PBXBuildFile; fileRef = 370A545619916F9D002387DE /* Images.xcassets */; };
		372BDEFE13C2CC8B00D40544 /* Split-A.png in Resources */ = {isa = PBXBuildFile; fileRef = 372BDF0013C2CC8B00D40544 /* Split-A.png */; };
		372BDF0113C2CC9200D40544 /* Split-A@2x.png in Resources */ = {isa = PBXBuildFile; fileRef = 372BDF0313C2CC9200D40544 /* Split-A@2x.png */; };
		372BDF0413C2CC9800D40544 /* Split-B.png in Resources */ = {isa = PBXBuildFile; fileRef = 372BDF0613C2CC9800D40544 /* Split-B.png */; };
		372BDF0713C2CC9C00D40544 /* Split-B@2x.png in Resources */ = {isa = PBXBuildFile; fileRef = 372BDF0913C2CC9C00D40544 /* Split-B@2x.png */; };
		372BDF0A13C2CCA000D40544 /* Split-C.png in Resources */ = {isa = PBXBuildFile; fileRef = 372BDF0C13C2CCA000D40544 /* Split-C.png */; };
		372BDF0D13C2CCA300D40544 /* Split-C@2x.png in Resources */ = {isa = PBXBuildFile; fileRef = 372BDF0F13C2CCA300D40544 /* Split-C@2x.png */; };
		3787FE801991373400DE814D /* IntelSplitDemo.storyboard in Resources */ = {isa = PBXBuildFile; fileRef = 3787FE7F1991373400DE814D /* IntelSplitDemo.storyboard */; };
		37A18D38138A14DF00ED157B /* IntelligentSplitViewController.m in Sources */ = {isa = PBXBuildFile; fileRef = 37A18D37138A14DF00ED157B /* IntelligentSplitViewController.m */; };
		37F9AC091991741B00972304 /* XCTest.framework in Frameworks */ = {isa = PBXBuildFile; fileRef = 37F9ABF2199173FE00972304 /* XCTest.framework */; };
		37F9AC0A1991741B00972304 /* Foundation.framework in Frameworks */ = {isa = PBXBuildFile; fileRef = 1D30AB110D05D00D00671497 /* Foundation.framework */; };
		37F9AC0B1991741B00972304 /* UIKit.framework in Frameworks */ = {isa = PBXBuildFile; fileRef = 1DF5F4DF0D08C38300B7A737 /* UIKit.framework */; };
		37F9AC111991741B00972304 /* InfoPlist.strings in Resources */ = {isa = PBXBuildFile; fileRef = 37F9AC0F1991741B00972304 /* InfoPlist.strings */; };
		37F9AC131991741B00972304 /* IntelSplitTests.m in Sources */ = {isa = PBXBuildFile; fileRef = 37F9AC121991741B00972304 /* IntelSplitTests.m */; };
/* End PBXBuildFile section */

/* Begin PBXContainerItemProxy section */
		37F9AC151991741B00972304 /* PBXContainerItemProxy */ = {
			isa = PBXContainerItemProxy;
			containerPortal = 29B97313FDCFA39411CA2CEA /* Project object */;
			proxyType = 1;
			remoteGlobalIDString = 1D6058900D05DD3D006BFB54;
			remoteInfo = IntelSplitDemo;
		};
/* End PBXContainerItemProxy section */

/* Begin PBXFileReference section */
		1D30AB110D05D00D00671497 /* Foundation.framework */ = {isa = PBXFileReference; lastKnownFileType = wrapper.framework; name = Foundation.framework; path = System/Library/Frameworks/Foundation.framework; sourceTree = SDKROOT; };
		1D3623240D0F684500981E51 /* IntelSplitDemoAppDelegate.h */ = {isa = PBXFileReference; fileEncoding = 4; lastKnownFileType = sourcecode.c.h; path = IntelSplitDemoAppDelegate.h; sourceTree = "<group>"; };
		1D3623250D0F684500981E51 /* IntelSplitDemoAppDelegate.m */ = {isa = PBXFileReference; fileEncoding = 4; lastKnownFileType = sourcecode.c.objc; path = IntelSplitDemoAppDelegate.m; sourceTree = "<group>"; };
		1D6058910D05DD3D006BFB54 /* IntelSplitDemo.app */ = {isa = PBXFileReference; explicitFileType = wrapper.application; includeInIndex = 0; path = IntelSplitDemo.app; sourceTree = BUILT_PRODUCTS_DIR; };
		1DF5F4DF0D08C38300B7A737 /* UIKit.framework */ = {isa = PBXFileReference; lastKnownFileType = wrapper.framework; name = UIKit.framework; path = System/Library/Frameworks/UIKit.framework; sourceTree = SDKROOT; };
		288765070DF74369002DB57D /* CoreGraphics.framework */ = {isa = PBXFileReference; lastKnownFileType = wrapper.framework; name = CoreGraphics.framework; path = System/Library/Frameworks/CoreGraphics.framework; sourceTree = SDKROOT; };
		28A0AB4B0D9B1048005BE974 /* IntelSplitDemo_Prefix.pch */ = {isa = PBXFileReference; fileEncoding = 4; lastKnownFileType = sourcecode.c.h; path = IntelSplitDemo_Prefix.pch; sourceTree = "<group>"; };
		29B97316FDCFA39411CA2CEA /* main.m */ = {isa = PBXFileReference; fileEncoding = 4; lastKnownFileType = sourcecode.c.objc; path = main.m; sourceTree = "<group>"; };
		370A54501991586A002387DE /* DemoDetailViewController.h */ = {isa = PBXFileReference; fileEncoding = 4; lastKnownFileType = sourcecode.c.h; path = DemoDetailViewController.h; sourceTree = "<group>"; };
		370A54511991586A002387DE /* DemoDetailViewController.m */ = {isa = PBXFileReference; fileEncoding = 4; lastKnownFileType = sourcecode.c.objc; path = DemoDetailViewController.m; sourceTree = "<group>"; };
		370A545319915AB9002387DE /* DemoMasterViewController.h */ = {isa = PBXFileReference; fileEncoding = 4; lastKnownFileType = sourcecode.c.h; path = DemoMasterViewController.h; sourceTree = "<group>"; };
		370A545419915AB9002387DE /* DemoMasterViewController.m */ = {isa = PBXFileReference; fileEncoding = 4; lastKnownFileType = sourcecode.c.objc; path = DemoMasterViewController.m; sourceTree = "<group>"; };
		370A545619916F9D002387DE /* Images.xcassets */ = {isa = PBXFileReference; lastKnownFileType = folder.assetcatalog; name = Images.xcassets; path = Resources/Images.xcassets; sourceTree = "<group>"; };
		372BDEFF13C2CC8B00D40544 /* en */ = {isa = PBXFileReference; lastKnownFileType = image.png; name = en; path = "en.lproj/Split-A.png"; sourceTree = "<group>"; };
		372BDF0213C2CC9200D40544 /* en */ = {isa = PBXFileReference; lastKnownFileType = image.png; name = en; path = "en.lproj/Split-A@2x.png"; sourceTree = "<group>"; };
		372BDF0513C2CC9800D40544 /* en */ = {isa = PBXFileReference; lastKnownFileType = image.png; name = en; path = "en.lproj/Split-B.png"; sourceTree = "<group>"; };
		372BDF0813C2CC9C00D40544 /* en */ = {isa = PBXFileReference; lastKnownFileType = image.png; name = en; path = "en.lproj/Split-B@2x.png"; sourceTree = "<group>"; };
		372BDF0B13C2CCA000D40544 /* en */ = {isa = PBXFileReference; lastKnownFileType = image.png; name = en; path = "en.lproj/Split-C.png"; sourceTree = "<group>"; };
		372BDF0E13C2CCA300D40544 /* en */ = {isa = PBXFileReference; lastKnownFileType = image.png; name = en; path = "en.lproj/Split-C@2x.png"; sourceTree = "<group>"; };
		3787FE7F1991373400DE814D /* IntelSplitDemo.storyboard */ = {isa = PBXFileReference; fileEncoding = 4; lastKnownFileType = file.storyboard; name = IntelSplitDemo.storyboard; path = Resources/IntelSplitDemo.storyboard; sourceTree = "<group>"; };
		37A18D36138A14DF00ED157B /* IntelligentSplitViewController.h */ = {isa = PBXFileReference; fileEncoding = 4; lastKnownFileType = sourcecode.c.h; name = IntelligentSplitViewController.h; path = ../IntelligentSplitViewController.h; sourceTree = SOURCE_ROOT; };
		37A18D37138A14DF00ED157B /* IntelligentSplitViewController.m */ = {isa = PBXFileReference; fileEncoding = 4; lastKnownFileType = sourcecode.c.objc; name = IntelligentSplitViewController.m; path = ../IntelligentSplitViewController.m; sourceTree = SOURCE_ROOT; };
		37F9ABF2199173FE00972304 /* XCTest.framework */ = {isa = PBXFileReference; lastKnownFileType = wrapper.framework; name = XCTest.framework; path = Library/Frameworks/XCTest.framework; sourceTree = DEVELOPER_DIR; };
		37F9AC081991741B00972304 /* IntelSplitTests.xctest */ = {isa = PBXFileReference; explicitFileType = wrapper.cfbundle; includeInIndex = 0; path = IntelSplitTests.xctest; sourceTree = BUILT_PRODUCTS_DIR; };
		37F9AC0E1991741B00972304 /* IntelSplitTests-Info.plist */ = {isa = PBXFileReference; lastKnownFileType = text.plist.xml; path = "IntelSplitTests-Info.plist"; sourceTree = "<group>"; };
		37F9AC101991741B00972304 /* en */ = {isa = PBXFileReference; lastKnownFileType = text.plist.strings; name = en; path = en.lproj/InfoPlist.strings; sourceTree = "<group>"; };
		37F9AC121991741B00972304 /* IntelSplitTests.m */ = {isa = PBXFileReference; lastKnownFileType = sourcecode.c.objc; path = IntelSplitTests.m; sourceTree = "<group>"; };
		37F9AC141991741B00972304 /* IntelSplitTests-Prefix.pch */ = {isa = PBXFileReference; lastKnownFileType = sourcecode.c.h; path = "IntelSplitTests-Prefix.pch"; sourceTree = "<group>"; };
		8D1107310486CEB800E47090 /* IntelSplitDemo-Info.plist */ = {isa = PBXFileReference; fileEncoding = 4; lastKnownFileType = text.plist.xml; path = "IntelSplitDemo-Info.plist"; plistStructureDefinitionIdentifier = "com.apple.xcode.plist.structure-definition.iphone.info-plist"; sourceTree = "<group>"; };
/* End PBXFileReference section */

/* Begin PBXFrameworksBuildPhase section */
		1D60588F0D05DD3D006BFB54 /* Frameworks */ = {
			isa = PBXFrameworksBuildPhase;
			buildActionMask = 2147483647;
			files = (
				1D60589F0D05DD5A006BFB54 /* Foundation.framework in Frameworks */,
				1DF5F4E00D08C38300B7A737 /* UIKit.framework in Frameworks */,
				288765080DF74369002DB57D /* CoreGraphics.framework in Frameworks */,
			);
			runOnlyForDeploymentPostprocessing = 0;
		};
		37F9AC051991741B00972304 /* Frameworks */ = {
			isa = PBXFrameworksBuildPhase;
			buildActionMask = 2147483647;
			files = (
				37F9AC091991741B00972304 /* XCTest.framework in Frameworks */,
				37F9AC0B1991741B00972304 /* UIKit.framework in Frameworks */,
				37F9AC0A1991741B00972304 /* Foundation.framework in Frameworks */,
			);
			runOnlyForDeploymentPostprocessing = 0;
		};
/* End PBXFrameworksBuildPhase section */

/* Begin PBXGroup section */
		080E96DDFE201D6D7F000001 /* Classes */ = {
			isa = PBXGroup;
			children = (
				1D3623240D0F684500981E51 /* IntelSplitDemoAppDelegate.h */,
				1D3623250D0F684500981E51 /* IntelSplitDemoAppDelegate.m */,
				37A18D36138A14DF00ED157B /* IntelligentSplitViewController.h */,
				37A18D37138A14DF00ED157B /* IntelligentSplitViewController.m */,
				370A54501991586A002387DE /* DemoDetailViewController.h */,
				370A54511991586A002387DE /* DemoDetailViewController.m */,
				370A545319915AB9002387DE /* DemoMasterViewController.h */,
				370A545419915AB9002387DE /* DemoMasterViewController.m */,
			);
			path = Classes;
			sourceTree = "<group>";
		};
		19C28FACFE9D520D11CA2CBB /* Products */ = {
			isa = PBXGroup;
			children = (
				1D6058910D05DD3D006BFB54 /* IntelSplitDemo.app */,
				37F9AC081991741B00972304 /* IntelSplitTests.xctest */,
			);
			name = Products;
			sourceTree = "<group>";
		};
		29B97314FDCFA39411CA2CEA /* IntelSplitDemo */ = {
			isa = PBXGroup;
			children = (
				080E96DDFE201D6D7F000001 /* Classes */,
				29B97315FDCFA39411CA2CEA /* Other Sources */,
				29B97317FDCFA39411CA2CEA /* Resources */,
				37F9AC0C1991741B00972304 /* IntelSplitTests */,
				29B97323FDCFA39411CA2CEA /* Frameworks */,
				19C28FACFE9D520D11CA2CBB /* Products */,
			);
			name = IntelSplitDemo;
			sourceTree = "<group>";
		};
		29B97315FDCFA39411CA2CEA /* Other Sources */ = {
			isa = PBXGroup;
			children = (
				28A0AB4B0D9B1048005BE974 /* IntelSplitDemo_Prefix.pch */,
				29B97316FDCFA39411CA2CEA /* main.m */,
			);
			name = "Other Sources";
			sourceTree = "<group>";
		};
		29B97317FDCFA39411CA2CEA /* Resources */ = {
			isa = PBXGroup;
			children = (
				370A545619916F9D002387DE /* Images.xcassets */,
				8D1107310486CEB800E47090 /* IntelSplitDemo-Info.plist */,
				372BDF0013C2CC8B00D40544 /* Split-A.png */,
				372BDF0313C2CC9200D40544 /* Split-A@2x.png */,
				372BDF0613C2CC9800D40544 /* Split-B.png */,
				372BDF0913C2CC9C00D40544 /* Split-B@2x.png */,
				372BDF0C13C2CCA000D40544 /* Split-C.png */,
				372BDF0F13C2CCA300D40544 /* Split-C@2x.png */,
				3787FE7F1991373400DE814D /* IntelSplitDemo.storyboard */,
			);
			name = Resources;
			sourceTree = "<group>";
		};
		29B97323FDCFA39411CA2CEA /* Frameworks */ = {
			isa = PBXGroup;
			children = (
				1DF5F4DF0D08C38300B7A737 /* UIKit.framework */,
				1D30AB110D05D00D00671497 /* Foundation.framework */,
				288765070DF74369002DB57D /* CoreGraphics.framework */,
				37F9ABF2199173FE00972304 /* XCTest.framework */,
			);
			name = Frameworks;
			sourceTree = "<group>";
		};
		37F9AC0C1991741B00972304 /* IntelSplitTests */ = {
			isa = PBXGroup;
			children = (
				37F9AC121991741B00972304 /* IntelSplitTests.m */,
				37F9AC0D1991741B00972304 /* Supporting Files */,
			);
			path = IntelSplitTests;
			sourceTree = "<group>";
		};
		37F9AC0D1991741B00972304 /* Supporting Files */ = {
			isa = PBXGroup;
			children = (
				37F9AC0E1991741B00972304 /* IntelSplitTests-Info.plist */,
				37F9AC0F1991741B00972304 /* InfoPlist.strings */,
				37F9AC141991741B00972304 /* IntelSplitTests-Prefix.pch */,
			);
			name = "Supporting Files";
			sourceTree = "<group>";
		};
/* End PBXGroup section */

/* Begin PBXNativeTarget section */
		1D6058900D05DD3D006BFB54 /* IntelSplitDemo */ = {
			isa = PBXNativeTarget;
			buildConfigurationList = 1D6058960D05DD3E006BFB54 /* Build configuration list for PBXNativeTarget "IntelSplitDemo" */;
			buildPhases = (
				1D60588D0D05DD3D006BFB54 /* Resources */,
				1D60588E0D05DD3D006BFB54 /* Sources */,
				1D60588F0D05DD3D006BFB54 /* Frameworks */,
			);
			buildRules = (
			);
			dependencies = (
			);
			name = IntelSplitDemo;
			productName = IntelSplitDemo;
			productReference = 1D6058910D05DD3D006BFB54 /* IntelSplitDemo.app */;
			productType = "com.apple.product-type.application";
		};
		37F9AC071991741B00972304 /* IntelSplitTests */ = {
			isa = PBXNativeTarget;
			buildConfigurationList = 37F9AC171991741B00972304 /* Build configuration list for PBXNativeTarget "IntelSplitTests" */;
			buildPhases = (
				37F9AC041991741B00972304 /* Sources */,
				37F9AC051991741B00972304 /* Frameworks */,
				37F9AC061991741B00972304 /* Resources */,
			);
			buildRules = (
			);
			dependencies = (
				37F9AC161991741B00972304 /* PBXTargetDependency */,
			);
			name = IntelSplitTests;
			productName = IntelSplitTests;
			productReference = 37F9AC081991741B00972304 /* IntelSplitTests.xctest */;
			productType = "com.apple.product-type.bundle.unit-test";
		};
/* End PBXNativeTarget section */

/* Begin PBXProject section */
		29B97313FDCFA39411CA2CEA /* Project object */ = {
			isa = PBXProject;
			attributes = {
				LastUpgradeCheck = 0510;
				ORGANIZATIONNAME = "Gregory S Combs";
				TargetAttributes = {
					37F9AC071991741B00972304 = {
						TestTargetID = 1D6058900D05DD3D006BFB54;
					};
				};
			};
			buildConfigurationList = C01FCF4E08A954540054247B /* Build configuration list for PBXProject "IntelSplitDemo" */;
			compatibilityVersion = "Xcode 3.2";
			developmentRegion = English;
			hasScannedForEncodings = 1;
			knownRegions = (
				English,
				Japanese,
				French,
				German,
				en,
			);
			mainGroup = 29B97314FDCFA39411CA2CEA /* IntelSplitDemo */;
			projectDirPath = "";
			projectRoot = "";
			targets = (
				1D6058900D05DD3D006BFB54 /* IntelSplitDemo */,
				37F9AC071991741B00972304 /* IntelSplitTests */,
			);
		};
/* End PBXProject section */

/* Begin PBXResourcesBuildPhase section */
		1D60588D0D05DD3D006BFB54 /* Resources */ = {
			isa = PBXResourcesBuildPhase;
			buildActionMask = 2147483647;
			files = (
				372BDEFE13C2CC8B00D40544 /* Split-A.png in Resources */,
				370A545719916F9D002387DE /* Images.xcassets in Resources */,
				372BDF0113C2CC9200D40544 /* Split-A@2x.png in Resources */,
				372BDF0413C2CC9800D40544 /* Split-B.png in Resources */,
				3787FE801991373400DE814D /* IntelSplitDemo.storyboard in Resources */,
				372BDF0713C2CC9C00D40544 /* Split-B@2x.png in Resources */,
				372BDF0A13C2CCA000D40544 /* Split-C.png in Resources */,
				372BDF0D13C2CCA300D40544 /* Split-C@2x.png in Resources */,
			);
			runOnlyForDeploymentPostprocessing = 0;
		};
		37F9AC061991741B00972304 /* Resources */ = {
			isa = PBXResourcesBuildPhase;
			buildActionMask = 2147483647;
			files = (
				37F9AC111991741B00972304 /* InfoPlist.strings in Resources */,
			);
			runOnlyForDeploymentPostprocessing = 0;
		};
/* End PBXResourcesBuildPhase section */

/* Begin PBXSourcesBuildPhase section */
		1D60588E0D05DD3D006BFB54 /* Sources */ = {
			isa = PBXSourcesBuildPhase;
			buildActionMask = 2147483647;
			files = (
				1D60589B0D05DD56006BFB54 /* main.m in Sources */,
				1D3623260D0F684500981E51 /* IntelSplitDemoAppDelegate.m in Sources */,
				370A54521991586A002387DE /* DemoDetailViewController.m in Sources */,
				37A18D38138A14DF00ED157B /* IntelligentSplitViewController.m in Sources */,
				370A545519915AB9002387DE /* DemoMasterViewController.m in Sources */,
			);
			runOnlyForDeploymentPostprocessing = 0;
		};
		37F9AC041991741B00972304 /* Sources */ = {
			isa = PBXSourcesBuildPhase;
			buildActionMask = 2147483647;
			files = (
				37F9AC131991741B00972304 /* IntelSplitTests.m in Sources */,
			);
			runOnlyForDeploymentPostprocessing = 0;
		};
/* End PBXSourcesBuildPhase section */

/* Begin PBXTargetDependency section */
		37F9AC161991741B00972304 /* PBXTargetDependency */ = {
			isa = PBXTargetDependency;
			target = 1D6058900D05DD3D006BFB54 /* IntelSplitDemo */;
			targetProxy = 37F9AC151991741B00972304 /* PBXContainerItemProxy */;
		};
/* End PBXTargetDependency section */

/* Begin PBXVariantGroup section */
		372BDF0013C2CC8B00D40544 /* Split-A.png */ = {
			isa = PBXVariantGroup;
			children = (
				372BDEFF13C2CC8B00D40544 /* en */,
			);
			name = "Split-A.png";
			path = Resources;
			sourceTree = "<group>";
		};
		372BDF0313C2CC9200D40544 /* Split-A@2x.png */ = {
			isa = PBXVariantGroup;
			children = (
				372BDF0213C2CC9200D40544 /* en */,
			);
			name = "Split-A@2x.png";
			path = Resources;
			sourceTree = "<group>";
		};
		372BDF0613C2CC9800D40544 /* Split-B.png */ = {
			isa = PBXVariantGroup;
			children = (
				372BDF0513C2CC9800D40544 /* en */,
			);
			name = "Split-B.png";
			path = Resources;
			sourceTree = "<group>";
		};
		372BDF0913C2CC9C00D40544 /* Split-B@2x.png */ = {
			isa = PBXVariantGroup;
			children = (
				372BDF0813C2CC9C00D40544 /* en */,
			);
			name = "Split-B@2x.png";
			path = Resources;
			sourceTree = "<group>";
		};
		372BDF0C13C2CCA000D40544 /* Split-C.png */ = {
			isa = PBXVariantGroup;
			children = (
				372BDF0B13C2CCA000D40544 /* en */,
			);
			name = "Split-C.png";
			path = Resources;
			sourceTree = "<group>";
		};
		372BDF0F13C2CCA300D40544 /* Split-C@2x.png */ = {
			isa = PBXVariantGroup;
			children = (
				372BDF0E13C2CCA300D40544 /* en */,
			);
			name = "Split-C@2x.png";
			path = Resources;
			sourceTree = "<group>";
		};
		37F9AC0F1991741B00972304 /* InfoPlist.strings */ = {
			isa = PBXVariantGroup;
			children = (
				37F9AC101991741B00972304 /* en */,
			);
			name = InfoPlist.strings;
			sourceTree = "<group>";
		};
/* End PBXVariantGroup section */

/* Begin XCBuildConfiguration section */
		1D6058940D05DD3E006BFB54 /* Debug */ = {
			isa = XCBuildConfiguration;
			buildSettings = {
				ALWAYS_SEARCH_USER_PATHS = NO;
				ASSETCATALOG_COMPILER_APPICON_NAME = AppIcon;
				ASSETCATALOG_COMPILER_LAUNCHIMAGE_NAME = LaunchImage;
				COPY_PHASE_STRIP = NO;
				GCC_DYNAMIC_NO_PIC = NO;
				GCC_OPTIMIZATION_LEVEL = 0;
				GCC_PRECOMPILE_PREFIX_HEADER = YES;
				GCC_PREFIX_HEADER = IntelSplitDemo_Prefix.pch;
				INFOPLIST_FILE = "IntelSplitDemo-Info.plist";
				IPHONEOS_DEPLOYMENT_TARGET = 7.1;
				PRODUCT_NAME = IntelSplitDemo;
			};
			name = Debug;
		};
		1D6058950D05DD3E006BFB54 /* Release */ = {
			isa = XCBuildConfiguration;
			buildSettings = {
				ALWAYS_SEARCH_USER_PATHS = NO;
				ASSETCATALOG_COMPILER_APPICON_NAME = AppIcon;
				ASSETCATALOG_COMPILER_LAUNCHIMAGE_NAME = LaunchImage;
				COPY_PHASE_STRIP = YES;
				GCC_PRECOMPILE_PREFIX_HEADER = YES;
				GCC_PREFIX_HEADER = IntelSplitDemo_Prefix.pch;
				INFOPLIST_FILE = "IntelSplitDemo-Info.plist";
				IPHONEOS_DEPLOYMENT_TARGET = 7.1;
				PRODUCT_NAME = IntelSplitDemo;
				VALIDATE_PRODUCT = YES;
			};
			name = Release;
		};
		37F9AC181991741B00972304 /* Debug */ = {
			isa = XCBuildConfiguration;
			buildSettings = {
				ALWAYS_SEARCH_USER_PATHS = NO;
				BUNDLE_LOADER = "$(BUILT_PRODUCTS_DIR)/IntelSplitDemo.app/IntelSplitDemo";
				CLANG_CXX_LIBRARY = "libc++";
				CLANG_WARN_BOOL_CONVERSION = YES;
				CLANG_WARN_CONSTANT_CONVERSION = YES;
				CLANG_WARN_DIRECT_OBJC_ISA_USAGE = YES_ERROR;
				CLANG_WARN_EMPTY_BODY = YES;
				CLANG_WARN_ENUM_CONVERSION = YES;
				CLANG_WARN_INT_CONVERSION = YES;
				CLANG_WARN_OBJC_ROOT_CLASS = YES_ERROR;
				CLANG_WARN__DUPLICATE_METHOD_MATCH = YES;
				COPY_PHASE_STRIP = NO;
				FRAMEWORK_SEARCH_PATHS = (
					"$(SDKROOT)/Developer/Library/Frameworks",
					"$(inherited)",
					"$(DEVELOPER_FRAMEWORKS_DIR)",
				);
				GCC_C_LANGUAGE_STANDARD = gnu99;
				GCC_DYNAMIC_NO_PIC = NO;
				GCC_OPTIMIZATION_LEVEL = 0;
				GCC_PRECOMPILE_PREFIX_HEADER = YES;
				GCC_PREFIX_HEADER = "IntelSplitTests/IntelSplitTests-Prefix.pch";
				GCC_PREPROCESSOR_DEFINITIONS = (
					"DEBUG=1",
					"$(inherited)",
				);
				GCC_SYMBOLS_PRIVATE_EXTERN = NO;
				GCC_WARN_64_TO_32_BIT_CONVERSION = YES;
				GCC_WARN_ABOUT_RETURN_TYPE = YES_ERROR;
				GCC_WARN_UNDECLARED_SELECTOR = YES;
				GCC_WARN_UNINITIALIZED_AUTOS = YES_AGGRESSIVE;
				GCC_WARN_UNUSED_FUNCTION = YES;
				INFOPLIST_FILE = "IntelSplitTests/IntelSplitTests-Info.plist";
				IPHONEOS_DEPLOYMENT_TARGET = 7.1;
				PRODUCT_NAME = "$(TARGET_NAME)";
				TEST_HOST = "$(BUNDLE_LOADER)";
				WRAPPER_EXTENSION = xctest;
			};
			name = Debug;
		};
		37F9AC191991741B00972304 /* Release */ = {
			isa = XCBuildConfiguration;
			buildSettings = {
				ALWAYS_SEARCH_USER_PATHS = NO;
				BUNDLE_LOADER = "$(BUILT_PRODUCTS_DIR)/IntelSplitDemo.app/IntelSplitDemo";
				CLANG_CXX_LIBRARY = "libc++";
				CLANG_WARN_BOOL_CONVERSION = YES;
				CLANG_WARN_CONSTANT_CONVERSION = YES;
				CLANG_WARN_DIRECT_OBJC_ISA_USAGE = YES_ERROR;
				CLANG_WARN_EMPTY_BODY = YES;
				CLANG_WARN_ENUM_CONVERSION = YES;
				CLANG_WARN_INT_CONVERSION = YES;
				CLANG_WARN_OBJC_ROOT_CLASS = YES_ERROR;
				CLANG_WARN__DUPLICATE_METHOD_MATCH = YES;
				COPY_PHASE_STRIP = YES;
				ENABLE_NS_ASSERTIONS = NO;
				FRAMEWORK_SEARCH_PATHS = (
					"$(SDKROOT)/Developer/Library/Frameworks",
					"$(inherited)",
					"$(DEVELOPER_FRAMEWORKS_DIR)",
				);
				GCC_C_LANGUAGE_STANDARD = gnu99;
				GCC_PRECOMPILE_PREFIX_HEADER = YES;
				GCC_PREFIX_HEADER = "IntelSplitTests/IntelSplitTests-Prefix.pch";
				GCC_WARN_64_TO_32_BIT_CONVERSION = YES;
				GCC_WARN_ABOUT_RETURN_TYPE = YES_ERROR;
				GCC_WARN_UNDECLARED_SELECTOR = YES;
				GCC_WARN_UNINITIALIZED_AUTOS = YES_AGGRESSIVE;
				GCC_WARN_UNUSED_FUNCTION = YES;
				INFOPLIST_FILE = "IntelSplitTests/IntelSplitTests-Info.plist";
				IPHONEOS_DEPLOYMENT_TARGET = 7.1;
				PRODUCT_NAME = "$(TARGET_NAME)";
				TEST_HOST = "$(BUNDLE_LOADER)";
				VALIDATE_PRODUCT = YES;
				WRAPPER_EXTENSION = xctest;
			};
			name = Release;
		};
		C01FCF4F08A954540054247B /* Debug */ = {
			isa = XCBuildConfiguration;
			buildSettings = {
				CLANG_CXX_LANGUAGE_STANDARD = "gnu++0x";
				CLANG_ENABLE_MODULES = YES;
				CLANG_ENABLE_OBJC_ARC = YES;
				"CODE_SIGN_IDENTITY[sdk=iphoneos*]" = "iPhone Developer";
				GCC_C_LANGUAGE_STANDARD = gnu11;
				GCC_WARN_ABOUT_MISSING_PROTOTYPES = YES;
				GCC_WARN_ABOUT_RETURN_TYPE = YES;
				GCC_WARN_UNUSED_VARIABLE = YES;
				ONLY_ACTIVE_ARCH = YES;
				SDKROOT = iphoneos;
				TARGETED_DEVICE_FAMILY = 2;
			};
			name = Debug;
		};
		C01FCF5008A954540054247B /* Release */ = {
			isa = XCBuildConfiguration;
			buildSettings = {
				CLANG_CXX_LANGUAGE_STANDARD = "gnu++0x";
				CLANG_ENABLE_MODULES = YES;
				CLANG_ENABLE_OBJC_ARC = YES;
				"CODE_SIGN_IDENTITY[sdk=iphoneos*]" = "iPhone Developer";
				GCC_C_LANGUAGE_STANDARD = gnu11;
				GCC_WARN_ABOUT_MISSING_PROTOTYPES = YES;
				GCC_WARN_ABOUT_RETURN_TYPE = YES;
				GCC_WARN_UNUSED_VARIABLE = YES;
				OTHER_CFLAGS = "-DNS_BLOCK_ASSERTIONS=1";
				SDKROOT = iphoneos;
				TARGETED_DEVICE_FAMILY = 2;
			};
			name = Release;
		};
/* End XCBuildConfiguration section */

/* Begin XCConfigurationList section */
		1D6058960D05DD3E006BFB54 /* Build configuration list for PBXNativeTarget "IntelSplitDemo" */ = {
			isa = XCConfigurationList;
			buildConfigurations = (
				1D6058940D05DD3E006BFB54 /* Debug */,
				1D6058950D05DD3E006BFB54 /* Release */,
			);
			defaultConfigurationIsVisible = 0;
			defaultConfigurationName = Release;
		};
		37F9AC171991741B00972304 /* Build configuration list for PBXNativeTarget "IntelSplitTests" */ = {
			isa = XCConfigurationList;
			buildConfigurations = (
				37F9AC181991741B00972304 /* Debug */,
				37F9AC191991741B00972304 /* Release */,
			);
			defaultConfigurationIsVisible = 0;
		};
		C01FCF4E08A954540054247B /* Build configuration list for PBXProject "IntelSplitDemo" */ = {
			isa = XCConfigurationList;
			buildConfigurations = (
				C01FCF4F08A954540054247B /* Debug */,
				C01FCF5008A954540054247B /* Release */,
			);
			defaultConfigurationIsVisible = 0;
			defaultConfigurationName = Release;
		};
/* End XCConfigurationList section */
	};
	rootObject = 29B97313FDCFA39411CA2CEA /* Project object */;
}
